# THIS IS AN AUTOGENERATED FILE. DO NOT EDIT THIS FILE DIRECTLY.
# yarn lockfile v1


markdown-it-highlight-lines@^1.0.2:
  version "1.0.2"
  resolved "https://registry.yarnpkg.com/markdown-it-highlight-lines/-/markdown-it-highlight-lines-1.0.2.tgz#33ecf51cd9d9e741cd86f583cb95b67de81fc9c7"
  integrity sha512-9Pyt/B+Ca3QBSXDS/znmojy/k6HDe8FJlJwIj/BKgvxE3MQWK9GHQCJJT5Lb1er23svZT99kJ/YRhLpDK+5GUQ==
